
Microsoft Visual Studio Solution File, Format Version 12.00
# Visual Studio Version 16
VisualStudioVersion = 16.0.31025.194
MinimumVisualStudioVersion = 10.0.40219.1
Project("{9A19103F-16F7-4668-BE54-9A1E7A4F7556}") = "GifRecorder", "GifRecorder.csproj", "{6F4B0177-AC7E-4957-A3FE-9AD2067C0FFB}"
EndProject
Project("{FAE04EC0-301F-11D3-BF4B-00C04F79EFBC}") = "GifRecorderTests", "..\GifRecorderTests\GifRecorderTests.csproj", "{2E573B6B-27EF-47FC-9362-2A3E69BF82C2}"
EndProject
Global
	GlobalSection(SolutionConfigurationPlatforms) = preSolution
		Debug|Any CPU = Debug|Any CPU
		Release|Any CPU = Release|Any CPU
	EndGlobalSection
	GlobalSection(ProjectConfigurationPlatforms) = postSolution
		{6F4B0177-AC7E-4957-A3FE-9AD2067C0FFB}.Debug|Any CPU.ActiveCfg = Debug|Any CPU
		{6F4B0177-AC7E-4957-A3FE-9AD2067C0FFB}.Debug|Any CPU.Build.0 = Debug|Any CPU
		{6F4B0177-AC7E-4957-A3FE-9AD2067C0FFB}.Release|Any CPU.ActiveCfg = Release|Any CPU
		{6F4B0177-AC7E-4957-A3FE-9AD2067C0FFB}.Release|Any CPU.Build.0 = Release|Any CPU
		{2E573B6B-27EF-47FC-9362-2A3E69BF82C2}.Debug|Any CPU.ActiveCfg = Debug|Any CPU
		{2E573B6B-27EF-47FC-9362-2A3E69BF82C2}.Debug|Any CPU.Build.0 = Debug|Any CPU
		{2E573B6B-27EF-47FC-9362-2A3E69BF82C2}.Release|Any CPU.ActiveCfg = Release|Any CPU
		{2E573B6B-27EF-47FC-9362-2A3E69BF82C2}.Release|Any CPU.Build.0 = Release|Any CPU
	EndGlobalSection
	GlobalSection(SolutionProperties) = preSolution
		HideSolutionNode = FALSE
	EndGlobalSection
	GlobalSection(ExtensibilityGlobals) = postSolution
		SolutionGuid = {F7B1B364-E6F2-42FB-916D-9034C2DD5484}
	EndGlobalSection
EndGlobal
